
Microsoft Visual Studio Solution File, Format Version 12.00
# Visual Studio Version 16
VisualStudioVersion = 16.0.29613.14
MinimumVisualStudioVersion = 10.0.40219.1
Project("{FAE04EC0-301F-11D3-BF4B-00C04F79EFBC}") = "Ex02_Variable", "Ex02_Variable\Ex02_Variable.csproj", "{DE174E6F-40A2-43FB-8E9E-25448351A257}"
EndProject
Global
	GlobalSection(SolutionConfigurationPlatforms) = preSolution
		Debug|Any CPU = Debug|Any CPU
		Release|Any CPU = Release|Any CPU
	EndGlobalSection
	GlobalSection(ProjectConfigurationPlatforms) = postSolution
		{DE174E6F-40A2-43FB-8E9E-25448351A257}.Debug|Any CPU.ActiveCfg = Debug|Any CPU
		{DE174E6F-40A2-43FB-8E9E-25448351A257}.Debug|Any CPU.Build.0 = Debug|Any CPU
		{DE174E6F-40A2-43FB-8E9E-25448351A257}.Release|Any CPU.ActiveCfg = Release|Any CPU
		{DE174E6F-40A2-43FB-8E9E-25448351A257}.Release|Any CPU.Build.0 = Release|Any CPU
	EndGlobalSection
	GlobalSection(SolutionProperties) = preSolution
		HideSolutionNode = FALSE
	EndGlobalSection
	GlobalSection(ExtensibilityGlobals) = postSolution
		SolutionGuid = {A1CE0ADF-611B-40A6-84DB-3D3EFB0495F5}
	EndGlobalSection
EndGlobal
