
Microsoft Visual Studio Solution File, Format Version 12.00
# Visual Studio Version 16
VisualStudioVersion = 16.0.29920.165
MinimumVisualStudioVersion = 10.0.40219.1
Project("{FAE04EC0-301F-11D3-BF4B-00C04F79EFBC}") = "Pr28_MVC", "Pr28_MVC\Pr28_MVC.csproj", "{B49F3659-857E-4939-8D44-DE9D682D6C8B}"
EndProject
Global
	GlobalSection(SolutionConfigurationPlatforms) = preSolution
		Debug|Any CPU = Debug|Any CPU
		Release|Any CPU = Release|Any CPU
	EndGlobalSection
	GlobalSection(ProjectConfigurationPlatforms) = postSolution
		{B49F3659-857E-4939-8D44-DE9D682D6C8B}.Debug|Any CPU.ActiveCfg = Debug|Any CPU
		{B49F3659-857E-4939-8D44-DE9D682D6C8B}.Debug|Any CPU.Build.0 = Debug|Any CPU
		{B49F3659-857E-4939-8D44-DE9D682D6C8B}.Release|Any CPU.ActiveCfg = Release|Any CPU
		{B49F3659-857E-4939-8D44-DE9D682D6C8B}.Release|Any CPU.Build.0 = Release|Any CPU
	EndGlobalSection
	GlobalSection(SolutionProperties) = preSolution
		HideSolutionNode = FALSE
	EndGlobalSection
	GlobalSection(ExtensibilityGlobals) = postSolution
		SolutionGuid = {7826FCBB-4DFE-47C9-ABAC-00408F03B96E}
	EndGlobalSection
EndGlobal
