
Microsoft Visual Studio Solution File, Format Version 12.00
# Visual Studio Version 16
VisualStudioVersion = 16.0.29920.165
MinimumVisualStudioVersion = 10.0.40219.1
Project("{FAE04EC0-301F-11D3-BF4B-00C04F79EFBC}") = "Ex14_Event", "Ex14_Event\Ex14_Event.csproj", "{BC8B7491-ED85-4119-9CE6-C3BE63AFF706}"
EndProject
Project("{FAE04EC0-301F-11D3-BF4B-00C04F79EFBC}") = "EventHandler", "EventHandler\EventHandler.csproj", "{5A175751-0151-48FD-AAA9-EDCEF5352509}"
EndProject
Global
	GlobalSection(SolutionConfigurationPlatforms) = preSolution
		Debug|Any CPU = Debug|Any CPU
		Release|Any CPU = Release|Any CPU
	EndGlobalSection
	GlobalSection(ProjectConfigurationPlatforms) = postSolution
		{BC8B7491-ED85-4119-9CE6-C3BE63AFF706}.Debug|Any CPU.ActiveCfg = Debug|Any CPU
		{BC8B7491-ED85-4119-9CE6-C3BE63AFF706}.Debug|Any CPU.Build.0 = Debug|Any CPU
		{BC8B7491-ED85-4119-9CE6-C3BE63AFF706}.Release|Any CPU.ActiveCfg = Release|Any CPU
		{BC8B7491-ED85-4119-9CE6-C3BE63AFF706}.Release|Any CPU.Build.0 = Release|Any CPU
		{5A175751-0151-48FD-AAA9-EDCEF5352509}.Debug|Any CPU.ActiveCfg = Debug|Any CPU
		{5A175751-0151-48FD-AAA9-EDCEF5352509}.Debug|Any CPU.Build.0 = Debug|Any CPU
		{5A175751-0151-48FD-AAA9-EDCEF5352509}.Release|Any CPU.ActiveCfg = Release|Any CPU
		{5A175751-0151-48FD-AAA9-EDCEF5352509}.Release|Any CPU.Build.0 = Release|Any CPU
	EndGlobalSection
	GlobalSection(SolutionProperties) = preSolution
		HideSolutionNode = FALSE
	EndGlobalSection
	GlobalSection(ExtensibilityGlobals) = postSolution
		SolutionGuid = {CFC31CA3-D879-47FA-8010-A09393726C31}
	EndGlobalSection
EndGlobal
