
Microsoft Visual Studio Solution File, Format Version 12.00
# Visual Studio Version 16
VisualStudioVersion = 16.0.29920.165
MinimumVisualStudioVersion = 10.0.40219.1
Project("{FAE04EC0-301F-11D3-BF4B-00C04F79EFBC}") = "Pr08_Abstract", "Pr08_Abstract\Pr08_Abstract.csproj", "{61E6BF8A-8BAE-437B-AF13-D361E8276DAE}"
EndProject
Global
	GlobalSection(SolutionConfigurationPlatforms) = preSolution
		Debug|Any CPU = Debug|Any CPU
		Release|Any CPU = Release|Any CPU
	EndGlobalSection
	GlobalSection(ProjectConfigurationPlatforms) = postSolution
		{61E6BF8A-8BAE-437B-AF13-D361E8276DAE}.Debug|Any CPU.ActiveCfg = Debug|Any CPU
		{61E6BF8A-8BAE-437B-AF13-D361E8276DAE}.Debug|Any CPU.Build.0 = Debug|Any CPU
		{61E6BF8A-8BAE-437B-AF13-D361E8276DAE}.Release|Any CPU.ActiveCfg = Release|Any CPU
		{61E6BF8A-8BAE-437B-AF13-D361E8276DAE}.Release|Any CPU.Build.0 = Release|Any CPU
	EndGlobalSection
	GlobalSection(SolutionProperties) = preSolution
		HideSolutionNode = FALSE
	EndGlobalSection
	GlobalSection(ExtensibilityGlobals) = postSolution
		SolutionGuid = {696CB7C6-9C3C-4938-A2BE-1B7EA396C1A1}
	EndGlobalSection
EndGlobal
