
Microsoft Visual Studio Solution File, Format Version 12.00
# Visual Studio Version 16
VisualStudioVersion = 16.0.29613.14
MinimumVisualStudioVersion = 10.0.40219.1
Project("{FAE04EC0-301F-11D3-BF4B-00C04F79EFBC}") = "Pr02_Variable", "Pr02_Variable\Pr02_Variable.csproj", "{E51E9A19-0166-4A3F-B55F-35ECB9EC45C0}"
EndProject
Global
	GlobalSection(SolutionConfigurationPlatforms) = preSolution
		Debug|Any CPU = Debug|Any CPU
		Release|Any CPU = Release|Any CPU
	EndGlobalSection
	GlobalSection(ProjectConfigurationPlatforms) = postSolution
		{E51E9A19-0166-4A3F-B55F-35ECB9EC45C0}.Debug|Any CPU.ActiveCfg = Debug|Any CPU
		{E51E9A19-0166-4A3F-B55F-35ECB9EC45C0}.Debug|Any CPU.Build.0 = Debug|Any CPU
		{E51E9A19-0166-4A3F-B55F-35ECB9EC45C0}.Release|Any CPU.ActiveCfg = Release|Any CPU
		{E51E9A19-0166-4A3F-B55F-35ECB9EC45C0}.Release|Any CPU.Build.0 = Release|Any CPU
	EndGlobalSection
	GlobalSection(SolutionProperties) = preSolution
		HideSolutionNode = FALSE
	EndGlobalSection
	GlobalSection(ExtensibilityGlobals) = postSolution
		SolutionGuid = {A61B1DBB-0003-4CEE-B1BD-CB3A49B24A22}
	EndGlobalSection
EndGlobal
