
Microsoft Visual Studio Solution File, Format Version 12.00
# Visual Studio Version 16
VisualStudioVersion = 16.0.29920.165
MinimumVisualStudioVersion = 10.0.40219.1
Project("{FAE04EC0-301F-11D3-BF4B-00C04F79EFBC}") = "Pr22_Screen_Transfer", "Pr22_Screen_Transfer\Pr22_Screen_Transfer.csproj", "{68157978-3A74-413D-AA49-E87E594458EB}"
EndProject
Global
	GlobalSection(SolutionConfigurationPlatforms) = preSolution
		Debug|Any CPU = Debug|Any CPU
		Release|Any CPU = Release|Any CPU
	EndGlobalSection
	GlobalSection(ProjectConfigurationPlatforms) = postSolution
		{68157978-3A74-413D-AA49-E87E594458EB}.Debug|Any CPU.ActiveCfg = Debug|Any CPU
		{68157978-3A74-413D-AA49-E87E594458EB}.Debug|Any CPU.Build.0 = Debug|Any CPU
		{68157978-3A74-413D-AA49-E87E594458EB}.Release|Any CPU.ActiveCfg = Release|Any CPU
		{68157978-3A74-413D-AA49-E87E594458EB}.Release|Any CPU.Build.0 = Release|Any CPU
	EndGlobalSection
	GlobalSection(SolutionProperties) = preSolution
		HideSolutionNode = FALSE
	EndGlobalSection
	GlobalSection(ExtensibilityGlobals) = postSolution
		SolutionGuid = {F50A6B67-85C5-4EFB-B3CA-6E13EB5360E3}
	EndGlobalSection
EndGlobal
