
Microsoft Visual Studio Solution File, Format Version 12.00
# Visual Studio Version 16
VisualStudioVersion = 16.0.29920.165
MinimumVisualStudioVersion = 10.0.40219.1
Project("{FAE04EC0-301F-11D3-BF4B-00C04F79EFBC}") = "Ex11_Interface", "Ex11_Interface\Ex11_Interface.csproj", "{401B51F4-54FA-4E3A-8631-0AB8A18B96F7}"
EndProject
Project("{FAE04EC0-301F-11D3-BF4B-00C04F79EFBC}") = "Multi-Interface", "Multi-Interface\Multi-Interface.csproj", "{E18AA5D6-204F-4141-9E41-416650F14FC4}"
EndProject
Global
	GlobalSection(SolutionConfigurationPlatforms) = preSolution
		Debug|Any CPU = Debug|Any CPU
		Release|Any CPU = Release|Any CPU
	EndGlobalSection
	GlobalSection(ProjectConfigurationPlatforms) = postSolution
		{401B51F4-54FA-4E3A-8631-0AB8A18B96F7}.Debug|Any CPU.ActiveCfg = Debug|Any CPU
		{401B51F4-54FA-4E3A-8631-0AB8A18B96F7}.Debug|Any CPU.Build.0 = Debug|Any CPU
		{401B51F4-54FA-4E3A-8631-0AB8A18B96F7}.Release|Any CPU.ActiveCfg = Release|Any CPU
		{401B51F4-54FA-4E3A-8631-0AB8A18B96F7}.Release|Any CPU.Build.0 = Release|Any CPU
		{E18AA5D6-204F-4141-9E41-416650F14FC4}.Debug|Any CPU.ActiveCfg = Debug|Any CPU
		{E18AA5D6-204F-4141-9E41-416650F14FC4}.Debug|Any CPU.Build.0 = Debug|Any CPU
		{E18AA5D6-204F-4141-9E41-416650F14FC4}.Release|Any CPU.ActiveCfg = Release|Any CPU
		{E18AA5D6-204F-4141-9E41-416650F14FC4}.Release|Any CPU.Build.0 = Release|Any CPU
	EndGlobalSection
	GlobalSection(SolutionProperties) = preSolution
		HideSolutionNode = FALSE
	EndGlobalSection
	GlobalSection(ExtensibilityGlobals) = postSolution
		SolutionGuid = {68559E59-1A46-49E3-ACC3-A4005BA3BB43}
	EndGlobalSection
EndGlobal
