
Microsoft Visual Studio Solution File, Format Version 12.00
# Visual Studio Version 16
VisualStudioVersion = 16.0.29613.14
MinimumVisualStudioVersion = 10.0.40219.1
Project("{FAE04EC0-301F-11D3-BF4B-00C04F79EFBC}") = "Ex27_JavaScript_ajax", "Ex27_JavaScript_ajax\Ex27_JavaScript_ajax.csproj", "{08C9A2BD-264A-4E4C-9D56-290E942ACDBA}"
EndProject
Global
	GlobalSection(SolutionConfigurationPlatforms) = preSolution
		Debug|Any CPU = Debug|Any CPU
		Release|Any CPU = Release|Any CPU
	EndGlobalSection
	GlobalSection(ProjectConfigurationPlatforms) = postSolution
		{08C9A2BD-264A-4E4C-9D56-290E942ACDBA}.Debug|Any CPU.ActiveCfg = Debug|Any CPU
		{08C9A2BD-264A-4E4C-9D56-290E942ACDBA}.Debug|Any CPU.Build.0 = Debug|Any CPU
		{08C9A2BD-264A-4E4C-9D56-290E942ACDBA}.Release|Any CPU.ActiveCfg = Release|Any CPU
		{08C9A2BD-264A-4E4C-9D56-290E942ACDBA}.Release|Any CPU.Build.0 = Release|Any CPU
	EndGlobalSection
	GlobalSection(SolutionProperties) = preSolution
		HideSolutionNode = FALSE
	EndGlobalSection
	GlobalSection(ExtensibilityGlobals) = postSolution
		SolutionGuid = {B1A686A2-AA2B-46D9-9CF3-859331EB5171}
	EndGlobalSection
EndGlobal
