
Microsoft Visual Studio Solution File, Format Version 12.00
# Visual Studio Express 14 for Windows Desktop
VisualStudioVersion = 14.0.25420.1
MinimumVisualStudioVersion = 10.0.40219.1
Project("{FAE04EC0-301F-11D3-BF4B-00C04F79EFBC}") = "Pr12_Interface", "Pr12_Interface\Pr12_Interface.csproj", "{C1EC9F51-3E2F-48CE-A044-C6BA5E20336E}"
EndProject
Global
	GlobalSection(SolutionConfigurationPlatforms) = preSolution
		Debug|Any CPU = Debug|Any CPU
		Release|Any CPU = Release|Any CPU
	EndGlobalSection
	GlobalSection(ProjectConfigurationPlatforms) = postSolution
		{C1EC9F51-3E2F-48CE-A044-C6BA5E20336E}.Debug|Any CPU.ActiveCfg = Debug|Any CPU
		{C1EC9F51-3E2F-48CE-A044-C6BA5E20336E}.Debug|Any CPU.Build.0 = Debug|Any CPU
		{C1EC9F51-3E2F-48CE-A044-C6BA5E20336E}.Release|Any CPU.ActiveCfg = Release|Any CPU
		{C1EC9F51-3E2F-48CE-A044-C6BA5E20336E}.Release|Any CPU.Build.0 = Release|Any CPU
	EndGlobalSection
	GlobalSection(SolutionProperties) = preSolution
		HideSolutionNode = FALSE
	EndGlobalSection
EndGlobal
