
Microsoft Visual Studio Solution File, Format Version 12.00
# Visual Studio Version 16
VisualStudioVersion = 16.0.29920.165
MinimumVisualStudioVersion = 10.0.40219.1
Project("{FAE04EC0-301F-11D3-BF4B-00C04F79EFBC}") = "Ex07_Inherit", "Ex07_Inherit\Ex07_Inherit.csproj", "{1F4A2B64-14DD-4A72-A7E6-E3FD56B25707}"
EndProject
Global
	GlobalSection(SolutionConfigurationPlatforms) = preSolution
		Debug|Any CPU = Debug|Any CPU
		Release|Any CPU = Release|Any CPU
	EndGlobalSection
	GlobalSection(ProjectConfigurationPlatforms) = postSolution
		{1F4A2B64-14DD-4A72-A7E6-E3FD56B25707}.Debug|Any CPU.ActiveCfg = Debug|Any CPU
		{1F4A2B64-14DD-4A72-A7E6-E3FD56B25707}.Debug|Any CPU.Build.0 = Debug|Any CPU
		{1F4A2B64-14DD-4A72-A7E6-E3FD56B25707}.Release|Any CPU.ActiveCfg = Release|Any CPU
		{1F4A2B64-14DD-4A72-A7E6-E3FD56B25707}.Release|Any CPU.Build.0 = Release|Any CPU
	EndGlobalSection
	GlobalSection(SolutionProperties) = preSolution
		HideSolutionNode = FALSE
	EndGlobalSection
	GlobalSection(ExtensibilityGlobals) = postSolution
		SolutionGuid = {B97ADA35-27D3-47E8-945B-224004BA21AA}
	EndGlobalSection
EndGlobal
