
Microsoft Visual Studio Solution File, Format Version 12.00
# Visual Studio Version 16
VisualStudioVersion = 16.0.29920.165
MinimumVisualStudioVersion = 10.0.40219.1
Project("{FAE04EC0-301F-11D3-BF4B-00C04F79EFBC}") = "Pr09_Object", "Pr09_Object\Pr09_Object.csproj", "{A81DCC87-7037-4B8E-B4BA-8A8F0454AD55}"
EndProject
Global
	GlobalSection(SolutionConfigurationPlatforms) = preSolution
		Debug|Any CPU = Debug|Any CPU
		Release|Any CPU = Release|Any CPU
	EndGlobalSection
	GlobalSection(ProjectConfigurationPlatforms) = postSolution
		{A81DCC87-7037-4B8E-B4BA-8A8F0454AD55}.Debug|Any CPU.ActiveCfg = Debug|Any CPU
		{A81DCC87-7037-4B8E-B4BA-8A8F0454AD55}.Debug|Any CPU.Build.0 = Debug|Any CPU
		{A81DCC87-7037-4B8E-B4BA-8A8F0454AD55}.Release|Any CPU.ActiveCfg = Release|Any CPU
		{A81DCC87-7037-4B8E-B4BA-8A8F0454AD55}.Release|Any CPU.Build.0 = Release|Any CPU
	EndGlobalSection
	GlobalSection(SolutionProperties) = preSolution
		HideSolutionNode = FALSE
	EndGlobalSection
	GlobalSection(ExtensibilityGlobals) = postSolution
		SolutionGuid = {379AA8FB-A727-4C0C-9A95-8DCEBDCC2B67}
	EndGlobalSection
EndGlobal
