
Microsoft Visual Studio Solution File, Format Version 12.00
# Visual Studio Version 16
VisualStudioVersion = 16.0.29920.165
MinimumVisualStudioVersion = 10.0.40219.1
Project("{FAE04EC0-301F-11D3-BF4B-00C04F79EFBC}") = "Ex23_StateTransition", "Ex23_StateTransition\Ex23_StateTransition.csproj", "{2039AB3E-EE4E-46B9-8C1D-F9781DDF1751}"
EndProject
Global
	GlobalSection(SolutionConfigurationPlatforms) = preSolution
		Debug|Any CPU = Debug|Any CPU
		Release|Any CPU = Release|Any CPU
	EndGlobalSection
	GlobalSection(ProjectConfigurationPlatforms) = postSolution
		{2039AB3E-EE4E-46B9-8C1D-F9781DDF1751}.Debug|Any CPU.ActiveCfg = Debug|Any CPU
		{2039AB3E-EE4E-46B9-8C1D-F9781DDF1751}.Debug|Any CPU.Build.0 = Debug|Any CPU
		{2039AB3E-EE4E-46B9-8C1D-F9781DDF1751}.Release|Any CPU.ActiveCfg = Release|Any CPU
		{2039AB3E-EE4E-46B9-8C1D-F9781DDF1751}.Release|Any CPU.Build.0 = Release|Any CPU
	EndGlobalSection
	GlobalSection(SolutionProperties) = preSolution
		HideSolutionNode = FALSE
	EndGlobalSection
	GlobalSection(ExtensibilityGlobals) = postSolution
		SolutionGuid = {F97B12B3-3C11-4C7F-B9AF-AEBF5B43226E}
	EndGlobalSection
EndGlobal
