
Microsoft Visual Studio Solution File, Format Version 12.00
# Visual Studio Express 14 for Windows Desktop
VisualStudioVersion = 14.0.25420.1
MinimumVisualStudioVersion = 10.0.40219.1
Project("{FAE04EC0-301F-11D3-BF4B-00C04F79EFBC}") = "Pr14_Event1", "Pr14_Event1\Pr14_Event1.csproj", "{FDE60617-EBA0-4231-B8B0-D2E8CB9DA461}"
EndProject
Project("{FAE04EC0-301F-11D3-BF4B-00C04F79EFBC}") = "Pr14_Event2", "Pr14_Event2\Pr14_Event2.csproj", "{5272F164-33B7-4F67-91C8-ADF40DEA74C7}"
EndProject
Global
	GlobalSection(SolutionConfigurationPlatforms) = preSolution
		Debug|Any CPU = Debug|Any CPU
		Release|Any CPU = Release|Any CPU
	EndGlobalSection
	GlobalSection(ProjectConfigurationPlatforms) = postSolution
		{FDE60617-EBA0-4231-B8B0-D2E8CB9DA461}.Debug|Any CPU.ActiveCfg = Debug|Any CPU
		{FDE60617-EBA0-4231-B8B0-D2E8CB9DA461}.Debug|Any CPU.Build.0 = Debug|Any CPU
		{FDE60617-EBA0-4231-B8B0-D2E8CB9DA461}.Release|Any CPU.ActiveCfg = Release|Any CPU
		{FDE60617-EBA0-4231-B8B0-D2E8CB9DA461}.Release|Any CPU.Build.0 = Release|Any CPU
		{5272F164-33B7-4F67-91C8-ADF40DEA74C7}.Debug|Any CPU.ActiveCfg = Debug|Any CPU
		{5272F164-33B7-4F67-91C8-ADF40DEA74C7}.Debug|Any CPU.Build.0 = Debug|Any CPU
		{5272F164-33B7-4F67-91C8-ADF40DEA74C7}.Release|Any CPU.ActiveCfg = Release|Any CPU
		{5272F164-33B7-4F67-91C8-ADF40DEA74C7}.Release|Any CPU.Build.0 = Release|Any CPU
	EndGlobalSection
	GlobalSection(SolutionProperties) = preSolution
		HideSolutionNode = FALSE
	EndGlobalSection
EndGlobal
