
Microsoft Visual Studio Solution File, Format Version 12.00
# Visual Studio Version 16
VisualStudioVersion = 16.0.29920.165
MinimumVisualStudioVersion = 10.0.40219.1
Project("{FAE04EC0-301F-11D3-BF4B-00C04F79EFBC}") = "Ex06_Access", "Ex06_Access\Ex06_Access.csproj", "{B4742F46-DD92-4D99-8BA5-ECBBBEADCBC1}"
EndProject
Project("{FAE04EC0-301F-11D3-BF4B-00C04F79EFBC}") = "LevelCheck", "LevelCheck\LevelCheck.csproj", "{0E50ADB1-C625-4772-861B-C45C01AF1990}"
EndProject
Global
	GlobalSection(SolutionConfigurationPlatforms) = preSolution
		Debug|Any CPU = Debug|Any CPU
		Release|Any CPU = Release|Any CPU
	EndGlobalSection
	GlobalSection(ProjectConfigurationPlatforms) = postSolution
		{B4742F46-DD92-4D99-8BA5-ECBBBEADCBC1}.Debug|Any CPU.ActiveCfg = Debug|Any CPU
		{B4742F46-DD92-4D99-8BA5-ECBBBEADCBC1}.Debug|Any CPU.Build.0 = Debug|Any CPU
		{B4742F46-DD92-4D99-8BA5-ECBBBEADCBC1}.Release|Any CPU.ActiveCfg = Release|Any CPU
		{B4742F46-DD92-4D99-8BA5-ECBBBEADCBC1}.Release|Any CPU.Build.0 = Release|Any CPU
		{0E50ADB1-C625-4772-861B-C45C01AF1990}.Debug|Any CPU.ActiveCfg = Debug|Any CPU
		{0E50ADB1-C625-4772-861B-C45C01AF1990}.Debug|Any CPU.Build.0 = Debug|Any CPU
		{0E50ADB1-C625-4772-861B-C45C01AF1990}.Release|Any CPU.ActiveCfg = Release|Any CPU
		{0E50ADB1-C625-4772-861B-C45C01AF1990}.Release|Any CPU.Build.0 = Release|Any CPU
	EndGlobalSection
	GlobalSection(SolutionProperties) = preSolution
		HideSolutionNode = FALSE
	EndGlobalSection
	GlobalSection(ExtensibilityGlobals) = postSolution
		SolutionGuid = {11E2401A-626F-4DC9-A202-D040B1B7D9B0}
	EndGlobalSection
EndGlobal
